# This file is generated by running "yarn install" inside your project.
# Manual changes might be lost - proceed with caution!

__metadata:
  version: 6
  cacheKey: 8

"@account-abstraction/contracts@npm:^0.7.0":
  version: 0.7.0
  resolution: "@account-abstraction/contracts@npm:0.7.0"
  dependencies:
    "@openzeppelin/contracts": ^5.0.0
    "@uniswap/v3-periphery": ^1.4.3
  checksum: a5e60311d890a869cdba779e0b305ef62cafa80b9199d96baa34a443be1b5b3d2d8272de63c3360806a2527c95ff23d14e7ed717d4185c1c9155d2428643b17b
  languageName: node
  linkType: hard

"@openzeppelin/contracts@npm:3.4.2-solc-0.7":
  version: 3.4.2-solc-0.7
  resolution: "@openzeppelin/contracts@npm:3.4.2-solc-0.7"
  checksum: 1a6048f31ed560c34429a05e534102c51124ecaf113aca7ebeb7897cfaaf61007cdd7952374c282adaeb79b04ee86ee80b16eed28b62fc6d60e3ffcd7a696895
  languageName: node
  linkType: hard

"@openzeppelin/contracts@npm:^5.0.0, @openzeppelin/contracts@npm:^5.0.2":
  version: 5.0.2
  resolution: "@openzeppelin/contracts@npm:5.0.2"
  checksum: 0cce6fc284bd1d89e2a447027832a62f1356b44ee31088899453e10349a63a62df2f07da63d76e4c41aad9c86b96b650b2b6fc85439ef276850dda1170a047fd
  languageName: node
  linkType: hard

"@uniswap/lib@npm:^4.0.1-alpha":
  version: 4.0.1-alpha
  resolution: "@uniswap/lib@npm:4.0.1-alpha"
  checksum: d7bbacccef40966af16c7e215ab085f575686d316b2802c9e1cfd03f7ad351970e547535670a28b2279c3cfcc4fb02888614c46f94efe2987af2309f3ec86127
  languageName: node
  linkType: hard

"@uniswap/v2-core@npm:^1.0.1":
  version: 1.0.1
  resolution: "@uniswap/v2-core@npm:1.0.1"
  checksum: eaa118fe45eac2e80b7468547ce2cde12bd3c8157555d2e40e0462a788c9506c6295247b511382da85e44a89ad92aff7bb3433b23bfbd2eeea23942ecd46e979
  languageName: node
  linkType: hard

"@uniswap/v3-core@npm:^1.0.0":
  version: 1.0.1
  resolution: "@uniswap/v3-core@npm:1.0.1"
  checksum: 4bfd8b218391a3d9efde44e0f984cfec3bc25889cd4d1386766828521006e71b210a3583ee32b52f3c81d384af9e8c39f471f2229e9af4d50da6801446ecb3e4
  languageName: node
  linkType: hard

"@uniswap/v3-periphery@npm:^1.4.3":
  version: 1.4.4
  resolution: "@uniswap/v3-periphery@npm:1.4.4"
  dependencies:
    "@openzeppelin/contracts": 3.4.2-solc-0.7
    "@uniswap/lib": ^4.0.1-alpha
    "@uniswap/v2-core": ^1.0.1
    "@uniswap/v3-core": ^1.0.0
    base64-sol: 1.0.1
  checksum: 48b57f1f648cb002935421ac1770666ab3c0263885a03c769985b06501b88d513a435c8edc439b41ac5aef7ad40a11038a3561f7e828cce5ae6ec2c77742f1af
  languageName: node
  linkType: hard

"base64-sol@npm:1.0.1":
  version: 1.0.1
  resolution: "base64-sol@npm:1.0.1"
  checksum: be0f9e8cf3c744256913223fbae8187773f530cc096e98a77f49ef0bd6cedeb294d15a784e439419f7cb99f07bf85b08999169feafafa1a9e29c3affc0bc6d0a
  languageName: node
  linkType: hard

"ds-test@github:dapphub/ds-test":
  version: 1.0.0
  resolution: "ds-test@https://github.com/dapphub/ds-test.git#commit=e282159d5170298eb2455a6c05280ab5a73a4ef0"
  checksum: 8f36e20dde868d062841c790fc43c9dd18b93d6180995f378bedaee1f24444950838843c0f2ffa5ac3b8a21b4c29fd97a60725e29e8ff71c9cf28f837614d96f
  languageName: node
  linkType: hard

"forge-std@github:foundry-rs/forge-std#v1.7.6":
  version: 1.7.6
  resolution: "forge-std@https://github.com/foundry-rs/forge-std.git#commit=ae570fec082bfe1c1f45b0acca4a2b4f84d345ce"
  checksum: fa42ca0255b610bc3f0081d3d53b191fa9986ada1870efb0f18197f1e19c83c7b0d4ad50c8e073e3980e83b77d7a5841cbe09692a1e72b57b2e48f51c46e8398
  languageName: node
  linkType: hard

"smart-account-modules@workspace:.":
  version: 0.0.0-use.local
  resolution: "smart-account-modules@workspace:."
  dependencies:
    "@account-abstraction/contracts": ^0.7.0
    "@openzeppelin/contracts": ^5.0.2
    ds-test: "github:dapphub/ds-test"
    forge-std: "github:foundry-rs/forge-std#v1.7.6"
  languageName: unknown
  linkType: soft
